
Microsoft Visual Studio Solution File, Format Version 12.00
# Visual Studio 15
VisualStudioVersion = 15.0.27428.2043
MinimumVisualStudioVersion = 10.0.40219.1
Project("{FAE04EC0-301F-11D3-BF4B-00C04F79EFBC}") = "Task1.Square", "Epam.XT-2018Q4\Task1.Square.csproj", "{A4A7C702-9B2E-4196-9188-7AC7FA2DAE91}"
EndProject
Project("{FAE04EC0-301F-11D3-BF4B-00C04F79EFBC}") = "Task1.Sequence", "Epam.Task1.Sequence\Task1.Sequence.csproj", "{C20A7781-78D6-47D0-A354-5FB2C5664A50}"
EndProject
Project("{FAE04EC0-301F-11D3-BF4B-00C04F79EFBC}") = "Task1.Simple", "Epam.Task1.Simple\Task1.Simple.csproj", "{EC12C46A-A011-4F73-96FC-A39B692678FA}"
EndProject
Project("{FAE04EC0-301F-11D3-BF4B-00C04F79EFBC}") = "Task1.1.Rectangle", "Epam.Task1.1.Rectangle\Task1.1.Rectangle.csproj", "{CEF1E196-3BEB-41E6-A0A7-09A0425E741E}"
EndProject
Project("{FAE04EC0-301F-11D3-BF4B-00C04F79EFBC}") = "Task1.12.CharDouble", "Epam.Task1.12\Task1.12.CharDouble.csproj", "{9AA74326-E790-4892-845E-9F7D2895BE75}"
EndProject
Project("{FAE04EC0-301F-11D3-BF4B-00C04F79EFBC}") = "Task1.2.Triangle", "Epam.Task1.1.Triangle\Task1.2.Triangle.csproj", "{968B67EB-27EB-46EA-B14B-7796DDD86EE0}"
EndProject
Project("{FAE04EC0-301F-11D3-BF4B-00C04F79EFBC}") = "Task1.3.AnotherTriangle", "Epam.Task1.3.AnotherTriangle\Task1.3.AnotherTriangle.csproj", "{B73806C7-9050-4FB0-8442-92AE24F1286E}"
EndProject
Project("{FAE04EC0-301F-11D3-BF4B-00C04F79EFBC}") = "Task1.5.SumOfNumbers", "Epam.Task1.5.SumOfNumbers\Task1.5.SumOfNumbers.csproj", "{A51CF9F4-7F51-4623-9020-D305E0B5EEDE}"
EndProject
Project("{FAE04EC0-301F-11D3-BF4B-00C04F79EFBC}") = "Task1.9.NonNegativeSum", "Epam.Task1.9.NonNegativeSum\Task1.9.NonNegativeSum.csproj", "{53E16B96-AA4A-4B99-98D4-3F17ACEFA44A}"
EndProject
Project("{FAE04EC0-301F-11D3-BF4B-00C04F79EFBC}") = "Task1.10.2DArray", "PEpam.Task1.10.2DArray\Task1.10.2DArray.csproj", "{0F77271D-5D61-4889-9CB7-493F6A938CBE}"
EndProject
Project("{FAE04EC0-301F-11D3-BF4B-00C04F79EFBC}") = "Task1.11.AverageStringLenght", "Epam.Task1.11.AverageStringLenght\Task1.11.AverageStringLenght.csproj", "{0E2CF4FD-32A0-4808-B1C9-75E5465112DC}"
EndProject
Project("{FAE04EC0-301F-11D3-BF4B-00C04F79EFBC}") = "Task1.8.NoPositive", "Epam.Task1.8.NoPositive\Task1.8.NoPositive.csproj", "{5E058412-42BB-40BE-B8A4-035672A317E8}"
EndProject
Project("{FAE04EC0-301F-11D3-BF4B-00C04F79EFBC}") = "Task1.7.ArrayProcessing", "Epam.Task1.7.ArrayProcessing\Task1.7.ArrayProcessing.csproj", "{63D5D6E8-2CE0-4AF1-B4E9-EA094F874F42}"
EndProject
Project("{FAE04EC0-301F-11D3-BF4B-00C04F79EFBC}") = "Task1.4.XmasTree", "Epam.Task1.4.XmasTree\Task1.4.XmasTree.csproj", "{4ECC9EB1-2363-488D-97FA-E7F8A197EFAD}"
EndProject
Project("{FAE04EC0-301F-11D3-BF4B-00C04F79EFBC}") = "Task1.6.FontAdjustment", "Epam.Task1.6.FontAdjustment\Task1.6.FontAdjustment.csproj", "{E000DDFA-97F1-4E8E-8465-6CBE9AD3E02D}"
EndProject
Project("{FAE04EC0-301F-11D3-BF4B-00C04F79EFBC}") = "Task2.1.Round", "Epam.Task2.1.Round\Task2.1.Round.csproj", "{F426740D-FC44-4B28-B035-BD31DD02A09A}"
EndProject
Project("{FAE04EC0-301F-11D3-BF4B-00C04F79EFBC}") = "Test2.2.Triangle", "Epam.Test2.2.Triangle\Test2.2.Triangle.csproj", "{862B80A5-8802-4C8C-91C1-B94FEA8FC3EC}"
EndProject
Project("{FAE04EC0-301F-11D3-BF4B-00C04F79EFBC}") = "Task2.5.Employee", "Epam.Task2.5.Employee\Task2.5.Employee.csproj", "{B46654AD-B870-4C56-8ACB-98ABD6FAD78B}"
EndProject
Project("{FAE04EC0-301F-11D3-BF4B-00C04F79EFBC}") = "Task.2.7.VectorGraphicsEditor", "Task.2.7.VectorGraphicsEditor\Task.2.7.VectorGraphicsEditor.csproj", "{B6062410-9D5F-4BD2-A6FB-BFD11032C538}"
EndProject
Project("{9A19103F-16F7-4668-BE54-9A1E7A4F7556}") = "Task2.6.Ring", "Task2.6.Ring\Task2.6.Ring.csproj", "{6DF67DA0-63E5-4147-A743-8E2033B56B40}"
EndProject
Project("{9A19103F-16F7-4668-BE54-9A1E7A4F7556}") = "Task2.3.User", "Task2.3.User\Task2.3.User.csproj", "{F4118324-FB70-49AC-9EEA-70CE6FB63517}"
EndProject
Project("{9A19103F-16F7-4668-BE54-9A1E7A4F7556}") = "Task2.4.MyString", "Task2.4.MyString\Task2.4.MyString.csproj", "{63C3CBF1-D18C-49DE-9ECC-A13BCC8D2F1A}"
EndProject
Project("{9A19103F-16F7-4668-BE54-9A1E7A4F7556}") = "Task3.1.Lost", "Task3.1.Lost\Task3.1.Lost.csproj", "{11F4B28A-B37B-4F89-A6CF-9FBEF6EC92C2}"
EndProject
Project("{9A19103F-16F7-4668-BE54-9A1E7A4F7556}") = "Task.3.2.WordFrequency", "Task.3.2.WordFrequency\Task.3.2.WordFrequency.csproj", "{5A8EA3AD-BD9D-43D7-9C67-F5DC0E259936}"
EndProject
Project("{9A19103F-16F7-4668-BE54-9A1E7A4F7556}") = "Task.3.3.DynamicArray", "Task.3.3.DynamicArray\Task.3.3.DynamicArray.csproj", "{961D954B-7AE2-4A22-9F5B-B9D27AA50D20}"
EndProject
Project("{FAE04EC0-301F-11D3-BF4B-00C04F79EFBC}") = "Task.3.4.DynamicArray HM", "Task.3.4. DynamicArray\Task.3.4.DynamicArray HM.csproj", "{0018C8CA-B0C0-41D4-AADE-D2525B96D7F3}"
EndProject
Project("{FAE04EC0-301F-11D3-BF4B-00C04F79EFBC}") = "Task4.1.CustomSort", "Task4.1.CustomSort\Task4.1.CustomSort.csproj", "{9FA1EE93-1655-4E76-9DA1-DD04CE99DBFF}"
EndProject
Project("{FAE04EC0-301F-11D3-BF4B-00C04F79EFBC}") = "Task.4.2.CustomSortDemo", "Task.4.2.CustomSortDemo\Task.4.2.CustomSortDemo.csproj", "{D69630C7-6628-49E7-B42E-A9FCE4022EC5}"
EndProject
Project("{FAE04EC0-301F-11D3-BF4B-00C04F79EFBC}") = "Task.4.3.SortingUnit", "Task.4.3.SortingUnit\Task.4.3.SortingUnit.csproj", "{21623CBE-6FEB-4DD7-B66D-F49739CFFC2A}"
EndProject
Project("{FAE04EC0-301F-11D3-BF4B-00C04F79EFBC}") = "Task4.4.NumberArraySum", "Task4.4.NumberArraySum\Task4.4.NumberArraySum.csproj", "{DBA64E61-A9A0-4375-BA6B-C2AA9F7713B6}"
EndProject
Project("{FAE04EC0-301F-11D3-BF4B-00C04F79EFBC}") = "Task4.6ISeekYou", "Task4.6ISeekYou\Task4.6ISeekYou.csproj", "{554703C8-9F5C-440D-9385-F5805411D936}"
EndProject
Project("{FAE04EC0-301F-11D3-BF4B-00C04F79EFBC}") = "Task4.5TointOrNotToInt", "Task4.5TointOrNotToInt\Task4.5TointOrNotToInt.csproj", "{CEDC6B0C-AE80-4576-A849-5EC75928A6C5}"
EndProject
Global
	GlobalSection(SolutionConfigurationPlatforms) = preSolution
		Debug|Any CPU = Debug|Any CPU
		Release|Any CPU = Release|Any CPU
	EndGlobalSection
	GlobalSection(ProjectConfigurationPlatforms) = postSolution
		{A4A7C702-9B2E-4196-9188-7AC7FA2DAE91}.Debug|Any CPU.ActiveCfg = Debug|Any CPU
		{A4A7C702-9B2E-4196-9188-7AC7FA2DAE91}.Debug|Any CPU.Build.0 = Debug|Any CPU
		{A4A7C702-9B2E-4196-9188-7AC7FA2DAE91}.Release|Any CPU.ActiveCfg = Release|Any CPU
		{A4A7C702-9B2E-4196-9188-7AC7FA2DAE91}.Release|Any CPU.Build.0 = Release|Any CPU
		{C20A7781-78D6-47D0-A354-5FB2C5664A50}.Debug|Any CPU.ActiveCfg = Debug|Any CPU
		{C20A7781-78D6-47D0-A354-5FB2C5664A50}.Debug|Any CPU.Build.0 = Debug|Any CPU
		{C20A7781-78D6-47D0-A354-5FB2C5664A50}.Release|Any CPU.ActiveCfg = Release|Any CPU
		{C20A7781-78D6-47D0-A354-5FB2C5664A50}.Release|Any CPU.Build.0 = Release|Any CPU
		{EC12C46A-A011-4F73-96FC-A39B692678FA}.Debug|Any CPU.ActiveCfg = Debug|Any CPU
		{EC12C46A-A011-4F73-96FC-A39B692678FA}.Debug|Any CPU.Build.0 = Debug|Any CPU
		{EC12C46A-A011-4F73-96FC-A39B692678FA}.Release|Any CPU.ActiveCfg = Release|Any CPU
		{EC12C46A-A011-4F73-96FC-A39B692678FA}.Release|Any CPU.Build.0 = Release|Any CPU
		{CEF1E196-3BEB-41E6-A0A7-09A0425E741E}.Debug|Any CPU.ActiveCfg = Debug|Any CPU
		{CEF1E196-3BEB-41E6-A0A7-09A0425E741E}.Debug|Any CPU.Build.0 = Debug|Any CPU
		{CEF1E196-3BEB-41E6-A0A7-09A0425E741E}.Release|Any CPU.ActiveCfg = Release|Any CPU
		{CEF1E196-3BEB-41E6-A0A7-09A0425E741E}.Release|Any CPU.Build.0 = Release|Any CPU
		{9AA74326-E790-4892-845E-9F7D2895BE75}.Debug|Any CPU.ActiveCfg = Debug|Any CPU
		{9AA74326-E790-4892-845E-9F7D2895BE75}.Debug|Any CPU.Build.0 = Debug|Any CPU
		{9AA74326-E790-4892-845E-9F7D2895BE75}.Release|Any CPU.ActiveCfg = Release|Any CPU
		{9AA74326-E790-4892-845E-9F7D2895BE75}.Release|Any CPU.Build.0 = Release|Any CPU
		{968B67EB-27EB-46EA-B14B-7796DDD86EE0}.Debug|Any CPU.ActiveCfg = Debug|Any CPU
		{968B67EB-27EB-46EA-B14B-7796DDD86EE0}.Debug|Any CPU.Build.0 = Debug|Any CPU
		{968B67EB-27EB-46EA-B14B-7796DDD86EE0}.Release|Any CPU.ActiveCfg = Release|Any CPU
		{968B67EB-27EB-46EA-B14B-7796DDD86EE0}.Release|Any CPU.Build.0 = Release|Any CPU
		{B73806C7-9050-4FB0-8442-92AE24F1286E}.Debug|Any CPU.ActiveCfg = Debug|Any CPU
		{B73806C7-9050-4FB0-8442-92AE24F1286E}.Debug|Any CPU.Build.0 = Debug|Any CPU
		{B73806C7-9050-4FB0-8442-92AE24F1286E}.Release|Any CPU.ActiveCfg = Release|Any CPU
		{B73806C7-9050-4FB0-8442-92AE24F1286E}.Release|Any CPU.Build.0 = Release|Any CPU
		{A51CF9F4-7F51-4623-9020-D305E0B5EEDE}.Debug|Any CPU.ActiveCfg = Debug|Any CPU
		{A51CF9F4-7F51-4623-9020-D305E0B5EEDE}.Debug|Any CPU.Build.0 = Debug|Any CPU
		{A51CF9F4-7F51-4623-9020-D305E0B5EEDE}.Release|Any CPU.ActiveCfg = Release|Any CPU
		{A51CF9F4-7F51-4623-9020-D305E0B5EEDE}.Release|Any CPU.Build.0 = Release|Any CPU
		{53E16B96-AA4A-4B99-98D4-3F17ACEFA44A}.Debug|Any CPU.ActiveCfg = Debug|Any CPU
		{53E16B96-AA4A-4B99-98D4-3F17ACEFA44A}.Debug|Any CPU.Build.0 = Debug|Any CPU
		{53E16B96-AA4A-4B99-98D4-3F17ACEFA44A}.Release|Any CPU.ActiveCfg = Release|Any CPU
		{53E16B96-AA4A-4B99-98D4-3F17ACEFA44A}.Release|Any CPU.Build.0 = Release|Any CPU
		{0F77271D-5D61-4889-9CB7-493F6A938CBE}.Debug|Any CPU.ActiveCfg = Debug|Any CPU
		{0F77271D-5D61-4889-9CB7-493F6A938CBE}.Debug|Any CPU.Build.0 = Debug|Any CPU
		{0F77271D-5D61-4889-9CB7-493F6A938CBE}.Release|Any CPU.ActiveCfg = Release|Any CPU
		{0F77271D-5D61-4889-9CB7-493F6A938CBE}.Release|Any CPU.Build.0 = Release|Any CPU
		{0E2CF4FD-32A0-4808-B1C9-75E5465112DC}.Debug|Any CPU.ActiveCfg = Debug|Any CPU
		{0E2CF4FD-32A0-4808-B1C9-75E5465112DC}.Debug|Any CPU.Build.0 = Debug|Any CPU
		{0E2CF4FD-32A0-4808-B1C9-75E5465112DC}.Release|Any CPU.ActiveCfg = Release|Any CPU
		{0E2CF4FD-32A0-4808-B1C9-75E5465112DC}.Release|Any CPU.Build.0 = Release|Any CPU
		{5E058412-42BB-40BE-B8A4-035672A317E8}.Debug|Any CPU.ActiveCfg = Debug|Any CPU
		{5E058412-42BB-40BE-B8A4-035672A317E8}.Debug|Any CPU.Build.0 = Debug|Any CPU
		{5E058412-42BB-40BE-B8A4-035672A317E8}.Release|Any CPU.ActiveCfg = Release|Any CPU
		{5E058412-42BB-40BE-B8A4-035672A317E8}.Release|Any CPU.Build.0 = Release|Any CPU
		{63D5D6E8-2CE0-4AF1-B4E9-EA094F874F42}.Debug|Any CPU.ActiveCfg = Debug|Any CPU
		{63D5D6E8-2CE0-4AF1-B4E9-EA094F874F42}.Debug|Any CPU.Build.0 = Debug|Any CPU
		{63D5D6E8-2CE0-4AF1-B4E9-EA094F874F42}.Release|Any CPU.ActiveCfg = Release|Any CPU
		{63D5D6E8-2CE0-4AF1-B4E9-EA094F874F42}.Release|Any CPU.Build.0 = Release|Any CPU
		{4ECC9EB1-2363-488D-97FA-E7F8A197EFAD}.Debug|Any CPU.ActiveCfg = Debug|Any CPU
		{4ECC9EB1-2363-488D-97FA-E7F8A197EFAD}.Debug|Any CPU.Build.0 = Debug|Any CPU
		{4ECC9EB1-2363-488D-97FA-E7F8A197EFAD}.Release|Any CPU.ActiveCfg = Release|Any CPU
		{4ECC9EB1-2363-488D-97FA-E7F8A197EFAD}.Release|Any CPU.Build.0 = Release|Any CPU
		{E000DDFA-97F1-4E8E-8465-6CBE9AD3E02D}.Debug|Any CPU.ActiveCfg = Debug|Any CPU
		{E000DDFA-97F1-4E8E-8465-6CBE9AD3E02D}.Debug|Any CPU.Build.0 = Debug|Any CPU
		{E000DDFA-97F1-4E8E-8465-6CBE9AD3E02D}.Release|Any CPU.ActiveCfg = Release|Any CPU
		{E000DDFA-97F1-4E8E-8465-6CBE9AD3E02D}.Release|Any CPU.Build.0 = Release|Any CPU
		{F426740D-FC44-4B28-B035-BD31DD02A09A}.Debug|Any CPU.ActiveCfg = Debug|Any CPU
		{F426740D-FC44-4B28-B035-BD31DD02A09A}.Debug|Any CPU.Build.0 = Debug|Any CPU
		{F426740D-FC44-4B28-B035-BD31DD02A09A}.Release|Any CPU.ActiveCfg = Release|Any CPU
		{F426740D-FC44-4B28-B035-BD31DD02A09A}.Release|Any CPU.Build.0 = Release|Any CPU
		{862B80A5-8802-4C8C-91C1-B94FEA8FC3EC}.Debug|Any CPU.ActiveCfg = Debug|Any CPU
		{862B80A5-8802-4C8C-91C1-B94FEA8FC3EC}.Debug|Any CPU.Build.0 = Debug|Any CPU
		{862B80A5-8802-4C8C-91C1-B94FEA8FC3EC}.Release|Any CPU.ActiveCfg = Release|Any CPU
		{862B80A5-8802-4C8C-91C1-B94FEA8FC3EC}.Release|Any CPU.Build.0 = Release|Any CPU
		{B46654AD-B870-4C56-8ACB-98ABD6FAD78B}.Debug|Any CPU.ActiveCfg = Debug|Any CPU
		{B46654AD-B870-4C56-8ACB-98ABD6FAD78B}.Debug|Any CPU.Build.0 = Debug|Any CPU
		{B46654AD-B870-4C56-8ACB-98ABD6FAD78B}.Release|Any CPU.ActiveCfg = Release|Any CPU
		{B46654AD-B870-4C56-8ACB-98ABD6FAD78B}.Release|Any CPU.Build.0 = Release|Any CPU
		{B6062410-9D5F-4BD2-A6FB-BFD11032C538}.Debug|Any CPU.ActiveCfg = Debug|Any CPU
		{B6062410-9D5F-4BD2-A6FB-BFD11032C538}.Debug|Any CPU.Build.0 = Debug|Any CPU
		{B6062410-9D5F-4BD2-A6FB-BFD11032C538}.Release|Any CPU.ActiveCfg = Release|Any CPU
		{B6062410-9D5F-4BD2-A6FB-BFD11032C538}.Release|Any CPU.Build.0 = Release|Any CPU
		{6DF67DA0-63E5-4147-A743-8E2033B56B40}.Debug|Any CPU.ActiveCfg = Debug|Any CPU
		{6DF67DA0-63E5-4147-A743-8E2033B56B40}.Debug|Any CPU.Build.0 = Debug|Any CPU
		{6DF67DA0-63E5-4147-A743-8E2033B56B40}.Release|Any CPU.ActiveCfg = Release|Any CPU
		{6DF67DA0-63E5-4147-A743-8E2033B56B40}.Release|Any CPU.Build.0 = Release|Any CPU
		{F4118324-FB70-49AC-9EEA-70CE6FB63517}.Debug|Any CPU.ActiveCfg = Debug|Any CPU
		{F4118324-FB70-49AC-9EEA-70CE6FB63517}.Debug|Any CPU.Build.0 = Debug|Any CPU
		{F4118324-FB70-49AC-9EEA-70CE6FB63517}.Release|Any CPU.ActiveCfg = Release|Any CPU
		{F4118324-FB70-49AC-9EEA-70CE6FB63517}.Release|Any CPU.Build.0 = Release|Any CPU
		{63C3CBF1-D18C-49DE-9ECC-A13BCC8D2F1A}.Debug|Any CPU.ActiveCfg = Debug|Any CPU
		{63C3CBF1-D18C-49DE-9ECC-A13BCC8D2F1A}.Debug|Any CPU.Build.0 = Debug|Any CPU
		{63C3CBF1-D18C-49DE-9ECC-A13BCC8D2F1A}.Release|Any CPU.ActiveCfg = Release|Any CPU
		{63C3CBF1-D18C-49DE-9ECC-A13BCC8D2F1A}.Release|Any CPU.Build.0 = Release|Any CPU
		{11F4B28A-B37B-4F89-A6CF-9FBEF6EC92C2}.Debug|Any CPU.ActiveCfg = Debug|Any CPU
		{11F4B28A-B37B-4F89-A6CF-9FBEF6EC92C2}.Debug|Any CPU.Build.0 = Debug|Any CPU
		{11F4B28A-B37B-4F89-A6CF-9FBEF6EC92C2}.Release|Any CPU.ActiveCfg = Release|Any CPU
		{11F4B28A-B37B-4F89-A6CF-9FBEF6EC92C2}.Release|Any CPU.Build.0 = Release|Any CPU
		{5A8EA3AD-BD9D-43D7-9C67-F5DC0E259936}.Debug|Any CPU.ActiveCfg = Debug|Any CPU
		{5A8EA3AD-BD9D-43D7-9C67-F5DC0E259936}.Debug|Any CPU.Build.0 = Debug|Any CPU
		{5A8EA3AD-BD9D-43D7-9C67-F5DC0E259936}.Release|Any CPU.ActiveCfg = Release|Any CPU
		{5A8EA3AD-BD9D-43D7-9C67-F5DC0E259936}.Release|Any CPU.Build.0 = Release|Any CPU
		{961D954B-7AE2-4A22-9F5B-B9D27AA50D20}.Debug|Any CPU.ActiveCfg = Debug|Any CPU
		{961D954B-7AE2-4A22-9F5B-B9D27AA50D20}.Debug|Any CPU.Build.0 = Debug|Any CPU
		{961D954B-7AE2-4A22-9F5B-B9D27AA50D20}.Release|Any CPU.ActiveCfg = Release|Any CPU
		{961D954B-7AE2-4A22-9F5B-B9D27AA50D20}.Release|Any CPU.Build.0 = Release|Any CPU
		{0018C8CA-B0C0-41D4-AADE-D2525B96D7F3}.Debug|Any CPU.ActiveCfg = Debug|Any CPU
		{0018C8CA-B0C0-41D4-AADE-D2525B96D7F3}.Debug|Any CPU.Build.0 = Debug|Any CPU
		{0018C8CA-B0C0-41D4-AADE-D2525B96D7F3}.Release|Any CPU.ActiveCfg = Release|Any CPU
		{0018C8CA-B0C0-41D4-AADE-D2525B96D7F3}.Release|Any CPU.Build.0 = Release|Any CPU
		{9FA1EE93-1655-4E76-9DA1-DD04CE99DBFF}.Debug|Any CPU.ActiveCfg = Debug|Any CPU
		{9FA1EE93-1655-4E76-9DA1-DD04CE99DBFF}.Debug|Any CPU.Build.0 = Debug|Any CPU
		{9FA1EE93-1655-4E76-9DA1-DD04CE99DBFF}.Release|Any CPU.ActiveCfg = Release|Any CPU
		{9FA1EE93-1655-4E76-9DA1-DD04CE99DBFF}.Release|Any CPU.Build.0 = Release|Any CPU
		{D69630C7-6628-49E7-B42E-A9FCE4022EC5}.Debug|Any CPU.ActiveCfg = Debug|Any CPU
		{D69630C7-6628-49E7-B42E-A9FCE4022EC5}.Debug|Any CPU.Build.0 = Debug|Any CPU
		{D69630C7-6628-49E7-B42E-A9FCE4022EC5}.Release|Any CPU.ActiveCfg = Release|Any CPU
		{D69630C7-6628-49E7-B42E-A9FCE4022EC5}.Release|Any CPU.Build.0 = Release|Any CPU
		{21623CBE-6FEB-4DD7-B66D-F49739CFFC2A}.Debug|Any CPU.ActiveCfg = Debug|Any CPU
		{21623CBE-6FEB-4DD7-B66D-F49739CFFC2A}.Debug|Any CPU.Build.0 = Debug|Any CPU
		{21623CBE-6FEB-4DD7-B66D-F49739CFFC2A}.Release|Any CPU.ActiveCfg = Release|Any CPU
		{21623CBE-6FEB-4DD7-B66D-F49739CFFC2A}.Release|Any CPU.Build.0 = Release|Any CPU
		{DBA64E61-A9A0-4375-BA6B-C2AA9F7713B6}.Debug|Any CPU.ActiveCfg = Debug|Any CPU
		{DBA64E61-A9A0-4375-BA6B-C2AA9F7713B6}.Debug|Any CPU.Build.0 = Debug|Any CPU
		{DBA64E61-A9A0-4375-BA6B-C2AA9F7713B6}.Release|Any CPU.ActiveCfg = Release|Any CPU
		{DBA64E61-A9A0-4375-BA6B-C2AA9F7713B6}.Release|Any CPU.Build.0 = Release|Any CPU
		{554703C8-9F5C-440D-9385-F5805411D936}.Debug|Any CPU.ActiveCfg = Debug|Any CPU
		{554703C8-9F5C-440D-9385-F5805411D936}.Debug|Any CPU.Build.0 = Debug|Any CPU
		{554703C8-9F5C-440D-9385-F5805411D936}.Release|Any CPU.ActiveCfg = Release|Any CPU
		{554703C8-9F5C-440D-9385-F5805411D936}.Release|Any CPU.Build.0 = Release|Any CPU
		{CEDC6B0C-AE80-4576-A849-5EC75928A6C5}.Debug|Any CPU.ActiveCfg = Debug|Any CPU
		{CEDC6B0C-AE80-4576-A849-5EC75928A6C5}.Debug|Any CPU.Build.0 = Debug|Any CPU
		{CEDC6B0C-AE80-4576-A849-5EC75928A6C5}.Release|Any CPU.ActiveCfg = Release|Any CPU
		{CEDC6B0C-AE80-4576-A849-5EC75928A6C5}.Release|Any CPU.Build.0 = Release|Any CPU
	EndGlobalSection
	GlobalSection(SolutionProperties) = preSolution
		HideSolutionNode = FALSE
	EndGlobalSection
	GlobalSection(ExtensibilityGlobals) = postSolution
		SolutionGuid = {76B11E42-6F01-4DE5-AB12-5DB401432ACE}
	EndGlobalSection
EndGlobal
